// !$*UTF8*$!
{
	archiveVersion = 1;
	classes = {
	};
	objectVersion = 46;
	objects = {

/* Begin PBXBuildFile section */
		A478A38125E50D96005FCB06 /* BJObjectViewController.m in Sources */ = {isa = PBXBuildFile; fileRef = A478A38025E50D96005FCB06 /* BJObjectViewController.m */; };
		A4E9FF94258100D000888263 /* BJPolymorphismViewController.m in Sources */ = {isa = PBXBuildFile; fileRef = A4E9FF8C258100D000888263 /* BJPolymorphismViewController.m */; };
		A4E9FF95258100D000888263 /* Printer.m in Sources */ = {isa = PBXBuildFile; fileRef = A4E9FF8D258100D000888263 /* Printer.m */; };
		A4E9FF96258100D000888263 /* Person.m in Sources */ = {isa = PBXBuildFile; fileRef = A4E9FF8E258100D000888263 /* Person.m */; };
		A4E9FF97258100D000888263 /* ColorPrinter.m in Sources */ = {isa = PBXBuildFile; fileRef = A4E9FF8F258100D000888263 /* ColorPrinter.m */; };
		A4E9FF98258100D000888263 /* BlackPrinter.m in Sources */ = {isa = PBXBuildFile; fileRef = A4E9FF90258100D000888263 /* BlackPrinter.m */; };
		A4E9FF99258100D000888263 /* BJArithmeticViewController.m in Sources */ = {isa = PBXBuildFile; fileRef = A4E9FF93258100D000888263 /* BJArithmeticViewController.m */; };
		A4EAF22E25790D210079BA49 /* BJRuntimeMethodSwizzlingViewController.m in Sources */ = {isa = PBXBuildFile; fileRef = A4EAF22D25790D210079BA49 /* BJRuntimeMethodSwizzlingViewController.m */; };
		A4EAF271257911820079BA49 /* BJPerson.m in Sources */ = {isa = PBXBuildFile; fileRef = A4EAF23B257911820079BA49 /* BJPerson.m */; };
		A4EAF272257911820079BA49 /* BJKVOViewController.m in Sources */ = {isa = PBXBuildFile; fileRef = A4EAF23E257911820079BA49 /* BJKVOViewController.m */; };
		A4EAF273257911820079BA49 /* BJDelegateView.m in Sources */ = {isa = PBXBuildFile; fileRef = A4EAF240257911820079BA49 /* BJDelegateView.m */; };
		A4EAF274257911820079BA49 /* BJDelegateViewController.m in Sources */ = {isa = PBXBuildFile; fileRef = A4EAF243257911820079BA49 /* BJDelegateViewController.m */; };
		A4EAF275257911820079BA49 /* Animal.m in Sources */ = {isa = PBXBuildFile; fileRef = A4EAF246257911820079BA49 /* Animal.m */; };
		A4EAF276257911820079BA49 /* BJDesignatedInitializerViewController.m in Sources */ = {isa = PBXBuildFile; fileRef = A4EAF248257911820079BA49 /* BJDesignatedInitializerViewController.m */; };
		A4EAF277257911820079BA49 /* BJExtensionViewController.m in Sources */ = {isa = PBXBuildFile; fileRef = A4EAF24B257911820079BA49 /* BJExtensionViewController.m */; };
		A4EAF278257911820079BA49 /* BJuseXIBinit.xib in Resources */ = {isa = PBXBuildFile; fileRef = A4EAF24E257911820079BA49 /* BJuseXIBinit.xib */; };
		A4EAF279257911820079BA49 /* BJuseCODEinit.m in Sources */ = {isa = PBXBuildFile; fileRef = A4EAF24F257911820079BA49 /* BJuseCODEinit.m */; };
		A4EAF27A257911820079BA49 /* BJInitViewTypeViewController.m in Sources */ = {isa = PBXBuildFile; fileRef = A4EAF250257911820079BA49 /* BJInitViewTypeViewController.m */; };
		A4EAF27B257911820079BA49 /* BJuseXIBinit.m in Sources */ = {isa = PBXBuildFile; fileRef = A4EAF251257911820079BA49 /* BJuseXIBinit.m */; };
		A4EAF27C257911820079BA49 /* BJExtensionViewController+BJCategory.m in Sources */ = {isa = PBXBuildFile; fileRef = A4EAF256257911820079BA49 /* BJExtensionViewController+BJCategory.m */; };
		A4EAF282257911820079BA49 /* BJArrayType.m in Sources */ = {isa = PBXBuildFile; fileRef = A4EAF268257911820079BA49 /* BJArrayType.m */; };
		A4EAF283257911820079BA49 /* BJKVCViewController.m in Sources */ = {isa = PBXBuildFile; fileRef = A4EAF269257911820079BA49 /* BJKVCViewController.m */; };
		A4EAF284257911820079BA49 /* BJPeople.m in Sources */ = {isa = PBXBuildFile; fileRef = A4EAF26B257911820079BA49 /* BJPeople.m */; };
		A4EAF285257911820079BA49 /* BJObjectOrNot.m in Sources */ = {isa = PBXBuildFile; fileRef = A4EAF26C257911820079BA49 /* BJObjectOrNot.m */; };
		A4EAF286257911820079BA49 /* BJDictionaryType.m in Sources */ = {isa = PBXBuildFile; fileRef = A4EAF26D257911820079BA49 /* BJDictionaryType.m */; };
		A4EAF287257911820079BA49 /* BJStudent.m in Sources */ = {isa = PBXBuildFile; fileRef = A4EAF26E257911820079BA49 /* BJStudent.m */; };
		A4EAF29B257915400079BA49 /* UIControl+BJRuntimeControl.m in Sources */ = {isa = PBXBuildFile; fileRef = A4EAF293257915400079BA49 /* UIControl+BJRuntimeControl.m */; };
		A4EAF29C257915400079BA49 /* BJRuntimeButtonViewController.m in Sources */ = {isa = PBXBuildFile; fileRef = A4EAF294257915400079BA49 /* BJRuntimeButtonViewController.m */; };
		A4EAF29D257915400079BA49 /* UIFont+BJFont.m in Sources */ = {isa = PBXBuildFile; fileRef = A4EAF297257915400079BA49 /* UIFont+BJFont.m */; };
		A4EAF29E257915400079BA49 /* BJRuntimeFontViewController.m in Sources */ = {isa = PBXBuildFile; fileRef = A4EAF29A257915400079BA49 /* BJRuntimeFontViewController.m */; };
		A4EAF2B0257915C40079BA49 /* BJHook.m in Sources */ = {isa = PBXBuildFile; fileRef = A4EAF2AF257915C40079BA49 /* BJHook.m */; };
		E53316FD1CFFD942004A2CB9 /* main.m in Sources */ = {isa = PBXBuildFile; fileRef = E53316FC1CFFD942004A2CB9 /* main.m */; };
		E53317001CFFD942004A2CB9 /* AppDelegate.m in Sources */ = {isa = PBXBuildFile; fileRef = E53316FF1CFFD942004A2CB9 /* AppDelegate.m */; };
		E53317031CFFD942004A2CB9 /* ViewController.m in Sources */ = {isa = PBXBuildFile; fileRef = E53317021CFFD942004A2CB9 /* ViewController.m */; };
		E53317061CFFD942004A2CB9 /* Main.storyboard in Resources */ = {isa = PBXBuildFile; fileRef = E53317041CFFD942004A2CB9 /* Main.storyboard */; };
		E53317081CFFD942004A2CB9 /* Assets.xcassets in Resources */ = {isa = PBXBuildFile; fileRef = E53317071CFFD942004A2CB9 /* Assets.xcassets */; };
		E533170B1CFFD942004A2CB9 /* LaunchScreen.storyboard in Resources */ = {isa = PBXBuildFile; fileRef = E53317091CFFD942004A2CB9 /* LaunchScreen.storyboard */; };
		E56180E5237BF79300A316C8 /* BJRuntimeForwordViewController.m in Sources */ = {isa = PBXBuildFile; fileRef = E56180CE237BF79200A316C8 /* BJRuntimeForwordViewController.m */; };
		E56180E6237BF79300A316C8 /* BJRuntimeGrammarViewController.m in Sources */ = {isa = PBXBuildFile; fileRef = E56180D1237BF79200A316C8 /* BJRuntimeGrammarViewController.m */; };
		E56180E9237BF79300A316C8 /* BJClassAndObjectViewController.m in Sources */ = {isa = PBXBuildFile; fileRef = E56180DA237BF79200A316C8 /* BJClassAndObjectViewController.m */; };
		E56180EA237BF79300A316C8 /* BJObject.m in Sources */ = {isa = PBXBuildFile; fileRef = E56180DB237BF79200A316C8 /* BJObject.m */; };
		E56180F4237BF9CF00A316C8 /* BJSelfAndSuperViewController.m in Sources */ = {isa = PBXBuildFile; fileRef = E56180EF237BF9CF00A316C8 /* BJSelfAndSuperViewController.m */; };
/* End PBXBuildFile section */

/* Begin PBXContainerItemProxy section */
		E53317121CFFD942004A2CB9 /* PBXContainerItemProxy */ = {
			isa = PBXContainerItemProxy;
			containerPortal = E53316F01CFFD942004A2CB9 /* Project object */;
			proxyType = 1;
			remoteGlobalIDString = E53316F71CFFD942004A2CB9;
			remoteInfo = TempDemo;
		};
		E533171D1CFFD942004A2CB9 /* PBXContainerItemProxy */ = {
			isa = PBXContainerItemProxy;
			containerPortal = E53316F01CFFD942004A2CB9 /* Project object */;
			proxyType = 1;
			remoteGlobalIDString = E53316F71CFFD942004A2CB9;
			remoteInfo = TempDemo;
		};
/* End PBXContainerItemProxy section */

/* Begin PBXFileReference section */
		A478A37F25E50D96005FCB06 /* BJObjectViewController.h */ = {isa = PBXFileReference; lastKnownFileType = sourcecode.c.h; path = BJObjectViewController.h; sourceTree = "<group>"; };
		A478A38025E50D96005FCB06 /* BJObjectViewController.m */ = {isa = PBXFileReference; lastKnownFileType = sourcecode.c.objc; path = BJObjectViewController.m; sourceTree = "<group>"; };
		A4E9FF87258100D000888263 /* Person.h */ = {isa = PBXFileReference; fileEncoding = 4; lastKnownFileType = sourcecode.c.h; path = Person.h; sourceTree = "<group>"; };
		A4E9FF88258100D000888263 /* Printer.h */ = {isa = PBXFileReference; fileEncoding = 4; lastKnownFileType = sourcecode.c.h; path = Printer.h; sourceTree = "<group>"; };
		A4E9FF89258100D000888263 /* BJPolymorphismViewController.h */ = {isa = PBXFileReference; fileEncoding = 4; lastKnownFileType = sourcecode.c.h; path = BJPolymorphismViewController.h; sourceTree = "<group>"; };
		A4E9FF8A258100D000888263 /* ColorPrinter.h */ = {isa = PBXFileReference; fileEncoding = 4; lastKnownFileType = sourcecode.c.h; path = ColorPrinter.h; sourceTree = "<group>"; };
		A4E9FF8B258100D000888263 /* BlackPrinter.h */ = {isa = PBXFileReference; fileEncoding = 4; lastKnownFileType = sourcecode.c.h; path = BlackPrinter.h; sourceTree = "<group>"; };
		A4E9FF8C258100D000888263 /* BJPolymorphismViewController.m */ = {isa = PBXFileReference; fileEncoding = 4; lastKnownFileType = sourcecode.c.objc; path = BJPolymorphismViewController.m; sourceTree = "<group>"; };
		A4E9FF8D258100D000888263 /* Printer.m */ = {isa = PBXFileReference; fileEncoding = 4; lastKnownFileType = sourcecode.c.objc; path = Printer.m; sourceTree = "<group>"; };
		A4E9FF8E258100D000888263 /* Person.m */ = {isa = PBXFileReference; fileEncoding = 4; lastKnownFileType = sourcecode.c.objc; path = Person.m; sourceTree = "<group>"; };
		A4E9FF8F258100D000888263 /* ColorPrinter.m */ = {isa = PBXFileReference; fileEncoding = 4; lastKnownFileType = sourcecode.c.objc; path = ColorPrinter.m; sourceTree = "<group>"; };
		A4E9FF90258100D000888263 /* BlackPrinter.m */ = {isa = PBXFileReference; fileEncoding = 4; lastKnownFileType = sourcecode.c.objc; path = BlackPrinter.m; sourceTree = "<group>"; };
		A4E9FF92258100D000888263 /* BJArithmeticViewController.h */ = {isa = PBXFileReference; fileEncoding = 4; lastKnownFileType = sourcecode.c.h; path = BJArithmeticViewController.h; sourceTree = "<group>"; };
		A4E9FF93258100D000888263 /* BJArithmeticViewController.m */ = {isa = PBXFileReference; fileEncoding = 4; lastKnownFileType = sourcecode.c.objc; path = BJArithmeticViewController.m; sourceTree = "<group>"; };
		A4EAF22C25790D210079BA49 /* BJRuntimeMethodSwizzlingViewController.h */ = {isa = PBXFileReference; lastKnownFileType = sourcecode.c.h; path = BJRuntimeMethodSwizzlingViewController.h; sourceTree = "<group>"; };
		A4EAF22D25790D210079BA49 /* BJRuntimeMethodSwizzlingViewController.m */ = {isa = PBXFileReference; lastKnownFileType = sourcecode.c.objc; path = BJRuntimeMethodSwizzlingViewController.m; sourceTree = "<group>"; };
		A4EAF23B257911820079BA49 /* BJPerson.m */ = {isa = PBXFileReference; fileEncoding = 4; lastKnownFileType = sourcecode.c.objc; path = BJPerson.m; sourceTree = "<group>"; };
		A4EAF23C257911820079BA49 /* BJKVOViewController.h */ = {isa = PBXFileReference; fileEncoding = 4; lastKnownFileType = sourcecode.c.h; path = BJKVOViewController.h; sourceTree = "<group>"; };
		A4EAF23D257911820079BA49 /* BJPerson.h */ = {isa = PBXFileReference; fileEncoding = 4; lastKnownFileType = sourcecode.c.h; path = BJPerson.h; sourceTree = "<group>"; };
		A4EAF23E257911820079BA49 /* BJKVOViewController.m */ = {isa = PBXFileReference; fileEncoding = 4; lastKnownFileType = sourcecode.c.objc; path = BJKVOViewController.m; sourceTree = "<group>"; };
		A4EAF240257911820079BA49 /* BJDelegateView.m */ = {isa = PBXFileReference; fileEncoding = 4; lastKnownFileType = sourcecode.c.objc; path = BJDelegateView.m; sourceTree = "<group>"; };
		A4EAF241257911820079BA49 /* BJDelegateViewController.h */ = {isa = PBXFileReference; fileEncoding = 4; lastKnownFileType = sourcecode.c.h; path = BJDelegateViewController.h; sourceTree = "<group>"; };
		A4EAF242257911820079BA49 /* BJDelegateView.h */ = {isa = PBXFileReference; fileEncoding = 4; lastKnownFileType = sourcecode.c.h; path = BJDelegateView.h; sourceTree = "<group>"; };
		A4EAF243257911820079BA49 /* BJDelegateViewController.m */ = {isa = PBXFileReference; fileEncoding = 4; lastKnownFileType = sourcecode.c.objc; path = BJDelegateViewController.m; sourceTree = "<group>"; };
		A4EAF246257911820079BA49 /* Animal.m */ = {isa = PBXFileReference; fileEncoding = 4; lastKnownFileType = sourcecode.c.objc; path = Animal.m; sourceTree = "<group>"; };
		A4EAF247257911820079BA49 /* BJDesignatedInitializerViewController.h */ = {isa = PBXFileReference; fileEncoding = 4; lastKnownFileType = sourcecode.c.h; path = BJDesignatedInitializerViewController.h; sourceTree = "<group>"; };
		A4EAF248257911820079BA49 /* BJDesignatedInitializerViewController.m */ = {isa = PBXFileReference; fileEncoding = 4; lastKnownFileType = sourcecode.c.objc; path = BJDesignatedInitializerViewController.m; sourceTree = "<group>"; };
		A4EAF249257911820079BA49 /* Animal.h */ = {isa = PBXFileReference; fileEncoding = 4; lastKnownFileType = sourcecode.c.h; path = Animal.h; sourceTree = "<group>"; };
		A4EAF24B257911820079BA49 /* BJExtensionViewController.m */ = {isa = PBXFileReference; fileEncoding = 4; lastKnownFileType = sourcecode.c.objc; path = BJExtensionViewController.m; sourceTree = "<group>"; };
		A4EAF24C257911820079BA49 /* BJExtensionViewController.h */ = {isa = PBXFileReference; fileEncoding = 4; lastKnownFileType = sourcecode.c.h; path = BJExtensionViewController.h; sourceTree = "<group>"; };
		A4EAF24E257911820079BA49 /* BJuseXIBinit.xib */ = {isa = PBXFileReference; fileEncoding = 4; lastKnownFileType = file.xib; path = BJuseXIBinit.xib; sourceTree = "<group>"; };
		A4EAF24F257911820079BA49 /* BJuseCODEinit.m */ = {isa = PBXFileReference; fileEncoding = 4; lastKnownFileType = sourcecode.c.objc; path = BJuseCODEinit.m; sourceTree = "<group>"; };
		A4EAF250257911820079BA49 /* BJInitViewTypeViewController.m */ = {isa = PBXFileReference; fileEncoding = 4; lastKnownFileType = sourcecode.c.objc; path = BJInitViewTypeViewController.m; sourceTree = "<group>"; };
		A4EAF251257911820079BA49 /* BJuseXIBinit.m */ = {isa = PBXFileReference; fileEncoding = 4; lastKnownFileType = sourcecode.c.objc; path = BJuseXIBinit.m; sourceTree = "<group>"; };
		A4EAF252257911820079BA49 /* BJInitViewTypeViewController.h */ = {isa = PBXFileReference; fileEncoding = 4; lastKnownFileType = sourcecode.c.h; path = BJInitViewTypeViewController.h; sourceTree = "<group>"; };
		A4EAF253257911820079BA49 /* BJuseCODEinit.h */ = {isa = PBXFileReference; fileEncoding = 4; lastKnownFileType = sourcecode.c.h; path = BJuseCODEinit.h; sourceTree = "<group>"; };
		A4EAF254257911820079BA49 /* BJuseXIBinit.h */ = {isa = PBXFileReference; fileEncoding = 4; lastKnownFileType = sourcecode.c.h; path = BJuseXIBinit.h; sourceTree = "<group>"; };
		A4EAF256257911820079BA49 /* BJExtensionViewController+BJCategory.m */ = {isa = PBXFileReference; fileEncoding = 4; lastKnownFileType = sourcecode.c.objc; path = "BJExtensionViewController+BJCategory.m"; sourceTree = "<group>"; };
		A4EAF257257911820079BA49 /* BJExtensionViewController+BJCategory.h */ = {isa = PBXFileReference; fileEncoding = 4; lastKnownFileType = sourcecode.c.h; path = "BJExtensionViewController+BJCategory.h"; sourceTree = "<group>"; };
		A4EAF265257911820079BA49 /* BJObjectOrNot.h */ = {isa = PBXFileReference; fileEncoding = 4; lastKnownFileType = sourcecode.c.h; path = BJObjectOrNot.h; sourceTree = "<group>"; };
		A4EAF266257911820079BA49 /* BJPeople.h */ = {isa = PBXFileReference; fileEncoding = 4; lastKnownFileType = sourcecode.c.h; path = BJPeople.h; sourceTree = "<group>"; };
		A4EAF267257911820079BA49 /* BJDictionaryType.h */ = {isa = PBXFileReference; fileEncoding = 4; lastKnownFileType = sourcecode.c.h; path = BJDictionaryType.h; sourceTree = "<group>"; };
		A4EAF268257911820079BA49 /* BJArrayType.m */ = {isa = PBXFileReference; fileEncoding = 4; lastKnownFileType = sourcecode.c.objc; path = BJArrayType.m; sourceTree = "<group>"; };
		A4EAF269257911820079BA49 /* BJKVCViewController.m */ = {isa = PBXFileReference; fileEncoding = 4; lastKnownFileType = sourcecode.c.objc; path = BJKVCViewController.m; sourceTree = "<group>"; };
		A4EAF26A257911820079BA49 /* BJStudent.h */ = {isa = PBXFileReference; fileEncoding = 4; lastKnownFileType = sourcecode.c.h; path = BJStudent.h; sourceTree = "<group>"; };
		A4EAF26B257911820079BA49 /* BJPeople.m */ = {isa = PBXFileReference; fileEncoding = 4; lastKnownFileType = sourcecode.c.objc; path = BJPeople.m; sourceTree = "<group>"; };
		A4EAF26C257911820079BA49 /* BJObjectOrNot.m */ = {isa = PBXFileReference; fileEncoding = 4; lastKnownFileType = sourcecode.c.objc; path = BJObjectOrNot.m; sourceTree = "<group>"; };
		A4EAF26D257911820079BA49 /* BJDictionaryType.m */ = {isa = PBXFileReference; fileEncoding = 4; lastKnownFileType = sourcecode.c.objc; path = BJDictionaryType.m; sourceTree = "<group>"; };
		A4EAF26E257911820079BA49 /* BJStudent.m */ = {isa = PBXFileReference; fileEncoding = 4; lastKnownFileType = sourcecode.c.objc; path = BJStudent.m; sourceTree = "<group>"; };
		A4EAF26F257911820079BA49 /* BJKVCViewController.h */ = {isa = PBXFileReference; fileEncoding = 4; lastKnownFileType = sourcecode.c.h; path = BJKVCViewController.h; sourceTree = "<group>"; };
		A4EAF270257911820079BA49 /* BJArrayType.h */ = {isa = PBXFileReference; fileEncoding = 4; lastKnownFileType = sourcecode.c.h; path = BJArrayType.h; sourceTree = "<group>"; };
		A4EAF28B257912220079BA49 /* BJExtensionViewController+BJExtension.h */ = {isa = PBXFileReference; fileEncoding = 4; lastKnownFileType = sourcecode.c.h; path = "BJExtensionViewController+BJExtension.h"; sourceTree = "<group>"; };
		A4EAF28D257912D70079BA49 /* BJDelegate.h */ = {isa = PBXFileReference; lastKnownFileType = sourcecode.c.h; path = BJDelegate.h; sourceTree = "<group>"; };
		A4EAF292257915400079BA49 /* BJRuntimeButtonViewController.h */ = {isa = PBXFileReference; fileEncoding = 4; lastKnownFileType = sourcecode.c.h; path = BJRuntimeButtonViewController.h; sourceTree = "<group>"; };
		A4EAF293257915400079BA49 /* UIControl+BJRuntimeControl.m */ = {isa = PBXFileReference; fileEncoding = 4; lastKnownFileType = sourcecode.c.objc; path = "UIControl+BJRuntimeControl.m"; sourceTree = "<group>"; };
		A4EAF294257915400079BA49 /* BJRuntimeButtonViewController.m */ = {isa = PBXFileReference; fileEncoding = 4; lastKnownFileType = sourcecode.c.objc; path = BJRuntimeButtonViewController.m; sourceTree = "<group>"; };
		A4EAF295257915400079BA49 /* UIControl+BJRuntimeControl.h */ = {isa = PBXFileReference; fileEncoding = 4; lastKnownFileType = sourcecode.c.h; path = "UIControl+BJRuntimeControl.h"; sourceTree = "<group>"; };
		A4EAF297257915400079BA49 /* UIFont+BJFont.m */ = {isa = PBXFileReference; fileEncoding = 4; lastKnownFileType = sourcecode.c.objc; path = "UIFont+BJFont.m"; sourceTree = "<group>"; };
		A4EAF298257915400079BA49 /* BJRuntimeFontViewController.h */ = {isa = PBXFileReference; fileEncoding = 4; lastKnownFileType = sourcecode.c.h; path = BJRuntimeFontViewController.h; sourceTree = "<group>"; };
		A4EAF299257915400079BA49 /* UIFont+BJFont.h */ = {isa = PBXFileReference; fileEncoding = 4; lastKnownFileType = sourcecode.c.h; path = "UIFont+BJFont.h"; sourceTree = "<group>"; };
		A4EAF29A257915400079BA49 /* BJRuntimeFontViewController.m */ = {isa = PBXFileReference; fileEncoding = 4; lastKnownFileType = sourcecode.c.objc; path = BJRuntimeFontViewController.m; sourceTree = "<group>"; };
		A4EAF2AE257915C40079BA49 /* BJHook.h */ = {isa = PBXFileReference; lastKnownFileType = sourcecode.c.h; path = BJHook.h; sourceTree = "<group>"; };
		A4EAF2AF257915C40079BA49 /* BJHook.m */ = {isa = PBXFileReference; lastKnownFileType = sourcecode.c.objc; path = BJHook.m; sourceTree = "<group>"; };
		E53316F81CFFD942004A2CB9 /* BJOC.app */ = {isa = PBXFileReference; explicitFileType = wrapper.application; includeInIndex = 0; path = BJOC.app; sourceTree = BUILT_PRODUCTS_DIR; };
		E53316FC1CFFD942004A2CB9 /* main.m */ = {isa = PBXFileReference; lastKnownFileType = sourcecode.c.objc; path = main.m; sourceTree = "<group>"; };
		E53316FE1CFFD942004A2CB9 /* AppDelegate.h */ = {isa = PBXFileReference; lastKnownFileType = sourcecode.c.h; path = AppDelegate.h; sourceTree = "<group>"; };
		E53316FF1CFFD942004A2CB9 /* AppDelegate.m */ = {isa = PBXFileReference; lastKnownFileType = sourcecode.c.objc; path = AppDelegate.m; sourceTree = "<group>"; };
		E53317011CFFD942004A2CB9 /* ViewController.h */ = {isa = PBXFileReference; lastKnownFileType = sourcecode.c.h; path = ViewController.h; sourceTree = "<group>"; };
		E53317021CFFD942004A2CB9 /* ViewController.m */ = {isa = PBXFileReference; lastKnownFileType = sourcecode.c.objc; path = ViewController.m; sourceTree = "<group>"; };
		E53317051CFFD942004A2CB9 /* Base */ = {isa = PBXFileReference; lastKnownFileType = file.storyboard; name = Base; path = Base.lproj/Main.storyboard; sourceTree = "<group>"; };
		E53317071CFFD942004A2CB9 /* Assets.xcassets */ = {isa = PBXFileReference; lastKnownFileType = folder.assetcatalog; path = Assets.xcassets; sourceTree = "<group>"; };
		E533170A1CFFD942004A2CB9 /* Base */ = {isa = PBXFileReference; lastKnownFileType = file.storyboard; name = Base; path = Base.lproj/LaunchScreen.storyboard; sourceTree = "<group>"; };
		E533170C1CFFD942004A2CB9 /* Info.plist */ = {isa = PBXFileReference; lastKnownFileType = text.plist.xml; path = Info.plist; sourceTree = "<group>"; };
		E53317111CFFD942004A2CB9 /* BJOCTests.xctest */ = {isa = PBXFileReference; explicitFileType = wrapper.cfbundle; includeInIndex = 0; path = BJOCTests.xctest; sourceTree = BUILT_PRODUCTS_DIR; };
		E533171C1CFFD942004A2CB9 /* BJOCUITests.xctest */ = {isa = PBXFileReference; explicitFileType = wrapper.cfbundle; includeInIndex = 0; path = BJOCUITests.xctest; sourceTree = BUILT_PRODUCTS_DIR; };
		E56180CD237BF79200A316C8 /* BJRuntimeForwordViewController.h */ = {isa = PBXFileReference; fileEncoding = 4; lastKnownFileType = sourcecode.c.h; path = BJRuntimeForwordViewController.h; sourceTree = "<group>"; };
		E56180CE237BF79200A316C8 /* BJRuntimeForwordViewController.m */ = {isa = PBXFileReference; fileEncoding = 4; lastKnownFileType = sourcecode.c.objc; path = BJRuntimeForwordViewController.m; sourceTree = "<group>"; };
		E56180D0237BF79200A316C8 /* BJRuntimeGrammarViewController.h */ = {isa = PBXFileReference; fileEncoding = 4; lastKnownFileType = sourcecode.c.h; path = BJRuntimeGrammarViewController.h; sourceTree = "<group>"; };
		E56180D1237BF79200A316C8 /* BJRuntimeGrammarViewController.m */ = {isa = PBXFileReference; fileEncoding = 4; lastKnownFileType = sourcecode.c.objc; path = BJRuntimeGrammarViewController.m; sourceTree = "<group>"; };
		E56180D9237BF79200A316C8 /* BJObject.h */ = {isa = PBXFileReference; fileEncoding = 4; lastKnownFileType = sourcecode.c.h; path = BJObject.h; sourceTree = "<group>"; };
		E56180DA237BF79200A316C8 /* BJClassAndObjectViewController.m */ = {isa = PBXFileReference; fileEncoding = 4; lastKnownFileType = sourcecode.c.objc; path = BJClassAndObjectViewController.m; sourceTree = "<group>"; };
		E56180DB237BF79200A316C8 /* BJObject.m */ = {isa = PBXFileReference; fileEncoding = 4; lastKnownFileType = sourcecode.c.objc; path = BJObject.m; sourceTree = "<group>"; };
		E56180DC237BF79200A316C8 /* BJClassAndObjectViewController.h */ = {isa = PBXFileReference; fileEncoding = 4; lastKnownFileType = sourcecode.c.h; path = BJClassAndObjectViewController.h; sourceTree = "<group>"; };
		E56180EF237BF9CF00A316C8 /* BJSelfAndSuperViewController.m */ = {isa = PBXFileReference; fileEncoding = 4; lastKnownFileType = sourcecode.c.objc; path = BJSelfAndSuperViewController.m; sourceTree = "<group>"; };
		E56180F2237BF9CF00A316C8 /* BJSelfAndSuperViewController.h */ = {isa = PBXFileReference; fileEncoding = 4; lastKnownFileType = sourcecode.c.h; path = BJSelfAndSuperViewController.h; sourceTree = "<group>"; };
/* End PBXFileReference section */

/* Begin PBXFrameworksBuildPhase section */
		E53316F51CFFD942004A2CB9 /* Frameworks */ = {
			isa = PBXFrameworksBuildPhase;
			buildActionMask = 2147483647;
			files = (
			);
			runOnlyForDeploymentPostprocessing = 0;
		};
		E533170E1CFFD942004A2CB9 /* Frameworks */ = {
			isa = PBXFrameworksBuildPhase;
			buildActionMask = 2147483647;
			files = (
			);
			runOnlyForDeploymentPostprocessing = 0;
		};
		E53317191CFFD942004A2CB9 /* Frameworks */ = {
			isa = PBXFrameworksBuildPhase;
			buildActionMask = 2147483647;
			files = (
			);
			runOnlyForDeploymentPostprocessing = 0;
		};
/* End PBXFrameworksBuildPhase section */

/* Begin PBXGroup section */
		A478A37E25E50D51005FCB06 /* Object */ = {
			isa = PBXGroup;
			children = (
				A478A37F25E50D96005FCB06 /* BJObjectViewController.h */,
				A478A38025E50D96005FCB06 /* BJObjectViewController.m */,
			);
			path = Object;
			sourceTree = "<group>";
		};
		A4E9FF85258100D000888263 /* Commons */ = {
			isa = PBXGroup;
			children = (
				A4E9FF91258100D000888263 /* Arithmetic */,
				A4E9FF86258100D000888263 /* Polymorphism */,
			);
			path = Commons;
			sourceTree = "<group>";
		};
		A4E9FF86258100D000888263 /* Polymorphism */ = {
			isa = PBXGroup;
			children = (
				A4E9FF89258100D000888263 /* BJPolymorphismViewController.h */,
				A4E9FF8C258100D000888263 /* BJPolymorphismViewController.m */,
				A4E9FF87258100D000888263 /* Person.h */,
				A4E9FF8E258100D000888263 /* Person.m */,
				A4E9FF88258100D000888263 /* Printer.h */,
				A4E9FF8D258100D000888263 /* Printer.m */,
				A4E9FF8A258100D000888263 /* ColorPrinter.h */,
				A4E9FF8F258100D000888263 /* ColorPrinter.m */,
				A4E9FF8B258100D000888263 /* BlackPrinter.h */,
				A4E9FF90258100D000888263 /* BlackPrinter.m */,
			);
			path = Polymorphism;
			sourceTree = "<group>";
		};
		A4E9FF91258100D000888263 /* Arithmetic */ = {
			isa = PBXGroup;
			children = (
				A4E9FF92258100D000888263 /* BJArithmeticViewController.h */,
				A4E9FF93258100D000888263 /* BJArithmeticViewController.m */,
			);
			path = Arithmetic;
			sourceTree = "<group>";
		};
		A4EAF22B25790D080079BA49 /* runtimeMethodSwizzling */ = {
			isa = PBXGroup;
			children = (
				A4EAF22C25790D210079BA49 /* BJRuntimeMethodSwizzlingViewController.h */,
				A4EAF22D25790D210079BA49 /* BJRuntimeMethodSwizzlingViewController.m */,
				A4EAF2AE257915C40079BA49 /* BJHook.h */,
				A4EAF2AF257915C40079BA49 /* BJHook.m */,
				A4EAF291257915400079BA49 /* runtimeButton */,
				A4EAF296257915400079BA49 /* runtimeFont */,
			);
			path = runtimeMethodSwizzling;
			sourceTree = "<group>";
		};
		A4EAF239257911820079BA49 /* Message */ = {
			isa = PBXGroup;
			children = (
				A4EAF23A257911820079BA49 /* KVO */,
				A4EAF23F257911820079BA49 /* Delegate */,
			);
			path = Message;
			sourceTree = "<group>";
		};
		A4EAF23A257911820079BA49 /* KVO */ = {
			isa = PBXGroup;
			children = (
				A4EAF23B257911820079BA49 /* BJPerson.m */,
				A4EAF23C257911820079BA49 /* BJKVOViewController.h */,
				A4EAF23D257911820079BA49 /* BJPerson.h */,
				A4EAF23E257911820079BA49 /* BJKVOViewController.m */,
			);
			path = KVO;
			sourceTree = "<group>";
		};
		A4EAF23F257911820079BA49 /* Delegate */ = {
			isa = PBXGroup;
			children = (
				A4EAF241257911820079BA49 /* BJDelegateViewController.h */,
				A4EAF243257911820079BA49 /* BJDelegateViewController.m */,
				A4EAF242257911820079BA49 /* BJDelegateView.h */,
				A4EAF240257911820079BA49 /* BJDelegateView.m */,
				A4EAF28D257912D70079BA49 /* BJDelegate.h */,
			);
			path = Delegate;
			sourceTree = "<group>";
		};
		A4EAF244257911820079BA49 /* Basics */ = {
			isa = PBXGroup;
			children = (
				A478A37E25E50D51005FCB06 /* Object */,
				A4EAF24A257911820079BA49 /* Extension */,
				A4EAF255257911820079BA49 /* Category */,
				A4EAF24D257911820079BA49 /* BJViewLife */,
				A4EAF245257911820079BA49 /* BJDesignatedInit */,
				A4EAF264257911820079BA49 /* KVC */,
			);
			path = Basics;
			sourceTree = "<group>";
		};
		A4EAF245257911820079BA49 /* BJDesignatedInit */ = {
			isa = PBXGroup;
			children = (
				A4EAF247257911820079BA49 /* BJDesignatedInitializerViewController.h */,
				A4EAF248257911820079BA49 /* BJDesignatedInitializerViewController.m */,
				A4EAF249257911820079BA49 /* Animal.h */,
				A4EAF246257911820079BA49 /* Animal.m */,
			);
			path = BJDesignatedInit;
			sourceTree = "<group>";
		};
		A4EAF24A257911820079BA49 /* Extension */ = {
			isa = PBXGroup;
			children = (
				A4EAF24C257911820079BA49 /* BJExtensionViewController.h */,
				A4EAF24B257911820079BA49 /* BJExtensionViewController.m */,
				A4EAF28B257912220079BA49 /* BJExtensionViewController+BJExtension.h */,
			);
			path = Extension;
			sourceTree = "<group>";
		};
		A4EAF24D257911820079BA49 /* BJViewLife */ = {
			isa = PBXGroup;
			children = (
				A4EAF252257911820079BA49 /* BJInitViewTypeViewController.h */,
				A4EAF250257911820079BA49 /* BJInitViewTypeViewController.m */,
				A4EAF254257911820079BA49 /* BJuseXIBinit.h */,
				A4EAF251257911820079BA49 /* BJuseXIBinit.m */,
				A4EAF24E257911820079BA49 /* BJuseXIBinit.xib */,
				A4EAF253257911820079BA49 /* BJuseCODEinit.h */,
				A4EAF24F257911820079BA49 /* BJuseCODEinit.m */,
			);
			path = BJViewLife;
			sourceTree = "<group>";
		};
		A4EAF255257911820079BA49 /* Category */ = {
			isa = PBXGroup;
			children = (
				A4EAF257257911820079BA49 /* BJExtensionViewController+BJCategory.h */,
				A4EAF256257911820079BA49 /* BJExtensionViewController+BJCategory.m */,
			);
			path = Category;
			sourceTree = "<group>";
		};
		A4EAF264257911820079BA49 /* KVC */ = {
			isa = PBXGroup;
			children = (
				A4EAF26F257911820079BA49 /* BJKVCViewController.h */,
				A4EAF269257911820079BA49 /* BJKVCViewController.m */,
				A4EAF266257911820079BA49 /* BJPeople.h */,
				A4EAF26B257911820079BA49 /* BJPeople.m */,
				A4EAF26A257911820079BA49 /* BJStudent.h */,
				A4EAF26E257911820079BA49 /* BJStudent.m */,
				A4EAF267257911820079BA49 /* BJDictionaryType.h */,
				A4EAF26D257911820079BA49 /* BJDictionaryType.m */,
				A4EAF26C257911820079BA49 /* BJObjectOrNot.m */,
				A4EAF265257911820079BA49 /* BJObjectOrNot.h */,
				A4EAF270257911820079BA49 /* BJArrayType.h */,
				A4EAF268257911820079BA49 /* BJArrayType.m */,
			);
			path = KVC;
			sourceTree = "<group>";
		};
		A4EAF291257915400079BA49 /* runtimeButton */ = {
			isa = PBXGroup;
			children = (
				A4EAF292257915400079BA49 /* BJRuntimeButtonViewController.h */,
				A4EAF294257915400079BA49 /* BJRuntimeButtonViewController.m */,
				A4EAF295257915400079BA49 /* UIControl+BJRuntimeControl.h */,
				A4EAF293257915400079BA49 /* UIControl+BJRuntimeControl.m */,
			);
			path = runtimeButton;
			sourceTree = "<group>";
		};
		A4EAF296257915400079BA49 /* runtimeFont */ = {
			isa = PBXGroup;
			children = (
				A4EAF298257915400079BA49 /* BJRuntimeFontViewController.h */,
				A4EAF29A257915400079BA49 /* BJRuntimeFontViewController.m */,
				A4EAF299257915400079BA49 /* UIFont+BJFont.h */,
				A4EAF297257915400079BA49 /* UIFont+BJFont.m */,
			);
			path = runtimeFont;
			sourceTree = "<group>";
		};
		E53316EF1CFFD942004A2CB9 = {
			isa = PBXGroup;
			children = (
				E53316FA1CFFD942004A2CB9 /* BJOC */,
				E53316F91CFFD942004A2CB9 /* Products */,
			);
			sourceTree = "<group>";
		};
		E53316F91CFFD942004A2CB9 /* Products */ = {
			isa = PBXGroup;
			children = (
				E53316F81CFFD942004A2CB9 /* BJOC.app */,
				E53317111CFFD942004A2CB9 /* BJOCTests.xctest */,
				E533171C1CFFD942004A2CB9 /* BJOCUITests.xctest */,
			);
			name = Products;
			sourceTree = "<group>";
		};
		E53316FA1CFFD942004A2CB9 /* BJOC */ = {
			isa = PBXGroup;
			children = (
				E58AA8BE21958CC7001455F5 /* Class */,
				E53316FE1CFFD942004A2CB9 /* AppDelegate.h */,
				E53316FF1CFFD942004A2CB9 /* AppDelegate.m */,
				E53317011CFFD942004A2CB9 /* ViewController.h */,
				E53317021CFFD942004A2CB9 /* ViewController.m */,
				E53317041CFFD942004A2CB9 /* Main.storyboard */,
				E53317071CFFD942004A2CB9 /* Assets.xcassets */,
				E53317091CFFD942004A2CB9 /* LaunchScreen.storyboard */,
				E533170C1CFFD942004A2CB9 /* Info.plist */,
				E53316FB1CFFD942004A2CB9 /* Supporting Files */,
			);
			path = BJOC;
			sourceTree = "<group>";
		};
		E53316FB1CFFD942004A2CB9 /* Supporting Files */ = {
			isa = PBXGroup;
			children = (
				E53316FC1CFFD942004A2CB9 /* main.m */,
			);
			name = "Supporting Files";
			sourceTree = "<group>";
		};
		E56180C4237BF79200A316C8 /* Runtime */ = {
			isa = PBXGroup;
			children = (
				A4EAF22B25790D080079BA49 /* runtimeMethodSwizzling */,
				E56180ED237BF9CF00A316C8 /* runtimeMassageSend */,
				E56180CC237BF79200A316C8 /* runtimeMassageForword */,
				E56180CF237BF79200A316C8 /* runtimeGrammar */,
				E56180D8237BF79200A316C8 /* classAndNSObject */,
			);
			path = Runtime;
			sourceTree = "<group>";
		};
		E56180CC237BF79200A316C8 /* runtimeMassageForword */ = {
			isa = PBXGroup;
			children = (
				E56180CD237BF79200A316C8 /* BJRuntimeForwordViewController.h */,
				E56180CE237BF79200A316C8 /* BJRuntimeForwordViewController.m */,
			);
			path = runtimeMassageForword;
			sourceTree = "<group>";
		};
		E56180CF237BF79200A316C8 /* runtimeGrammar */ = {
			isa = PBXGroup;
			children = (
				E56180D0237BF79200A316C8 /* BJRuntimeGrammarViewController.h */,
				E56180D1237BF79200A316C8 /* BJRuntimeGrammarViewController.m */,
			);
			path = runtimeGrammar;
			sourceTree = "<group>";
		};
		E56180D8237BF79200A316C8 /* classAndNSObject */ = {
			isa = PBXGroup;
			children = (
				E56180DC237BF79200A316C8 /* BJClassAndObjectViewController.h */,
				E56180DA237BF79200A316C8 /* BJClassAndObjectViewController.m */,
				E56180D9237BF79200A316C8 /* BJObject.h */,
				E56180DB237BF79200A316C8 /* BJObject.m */,
			);
			path = classAndNSObject;
			sourceTree = "<group>";
		};
		E56180ED237BF9CF00A316C8 /* runtimeMassageSend */ = {
			isa = PBXGroup;
			children = (
				E56180F2237BF9CF00A316C8 /* BJSelfAndSuperViewController.h */,
				E56180EF237BF9CF00A316C8 /* BJSelfAndSuperViewController.m */,
			);
			path = runtimeMassageSend;
			sourceTree = "<group>";
		};
		E58AA8BE21958CC7001455F5 /* Class */ = {
			isa = PBXGroup;
			children = (
				A4E9FF85258100D000888263 /* Commons */,
				A4EAF239257911820079BA49 /* Message */,
				A4EAF244257911820079BA49 /* Basics */,
				E56180C4237BF79200A316C8 /* Runtime */,
			);
			path = Class;
			sourceTree = "<group>";
		};
/* End PBXGroup section */

/* Begin PBXNativeTarget section */
		E53316F71CFFD942004A2CB9 /* BJOC */ = {
			isa = PBXNativeTarget;
			buildConfigurationList = E53317251CFFD942004A2CB9 /* Build configuration list for PBXNativeTarget "BJOC" */;
			buildPhases = (
				E53316F41CFFD942004A2CB9 /* Sources */,
				E53316F51CFFD942004A2CB9 /* Frameworks */,
				E53316F61CFFD942004A2CB9 /* Resources */,
			);
			buildRules = (
			);
			dependencies = (
			);
			name = BJOC;
			productName = TempDemo;
			productReference = E53316F81CFFD942004A2CB9 /* BJOC.app */;
			productType = "com.apple.product-type.application";
		};
		E53317101CFFD942004A2CB9 /* BJOCTests */ = {
			isa = PBXNativeTarget;
			buildConfigurationList = E53317281CFFD942004A2CB9 /* Build configuration list for PBXNativeTarget "BJOCTests" */;
			buildPhases = (
				E533170D1CFFD942004A2CB9 /* Sources */,
				E533170E1CFFD942004A2CB9 /* Frameworks */,
				E533170F1CFFD942004A2CB9 /* Resources */,
			);
			buildRules = (
			);
			dependencies = (
				E53317131CFFD942004A2CB9 /* PBXTargetDependency */,
			);
			name = BJOCTests;
			productName = TempDemoTests;
			productReference = E53317111CFFD942004A2CB9 /* BJOCTests.xctest */;
			productType = "com.apple.product-type.bundle.unit-test";
		};
		E533171B1CFFD942004A2CB9 /* BJOCUITests */ = {
			isa = PBXNativeTarget;
			buildConfigurationList = E533172B1CFFD942004A2CB9 /* Build configuration list for PBXNativeTarget "BJOCUITests" */;
			buildPhases = (
				E53317181CFFD942004A2CB9 /* Sources */,
				E53317191CFFD942004A2CB9 /* Frameworks */,
				E533171A1CFFD942004A2CB9 /* Resources */,
			);
			buildRules = (
			);
			dependencies = (
				E533171E1CFFD942004A2CB9 /* PBXTargetDependency */,
			);
			name = BJOCUITests;
			productName = TempDemoUITests;
			productReference = E533171C1CFFD942004A2CB9 /* BJOCUITests.xctest */;
			productType = "com.apple.product-type.bundle.ui-testing";
		};
/* End PBXNativeTarget section */

/* Begin PBXProject section */
		E53316F01CFFD942004A2CB9 /* Project object */ = {
			isa = PBXProject;
			attributes = {
				LastUpgradeCheck = 0730;
				ORGANIZATIONNAME = zcgt_ios_01;
				TargetAttributes = {
					E53316F71CFFD942004A2CB9 = {
						CreatedOnToolsVersion = 7.3;
						DevelopmentTeam = F79H2LLK8B;
						ProvisioningStyle = Automatic;
					};
					E53317101CFFD942004A2CB9 = {
						CreatedOnToolsVersion = 7.3;
						TestTargetID = E53316F71CFFD942004A2CB9;
					};
					E533171B1CFFD942004A2CB9 = {
						CreatedOnToolsVersion = 7.3;
						TestTargetID = E53316F71CFFD942004A2CB9;
					};
				};
			};
			buildConfigurationList = E53316F31CFFD942004A2CB9 /* Build configuration list for PBXProject "BJOC" */;
			compatibilityVersion = "Xcode 3.2";
			developmentRegion = English;
			hasScannedForEncodings = 0;
			knownRegions = (
				English,
				en,
				Base,
				"zh-Hans",
			);
			mainGroup = E53316EF1CFFD942004A2CB9;
			productRefGroup = E53316F91CFFD942004A2CB9 /* Products */;
			projectDirPath = "";
			projectRoot = "";
			targets = (
				E53316F71CFFD942004A2CB9 /* BJOC */,
				E53317101CFFD942004A2CB9 /* BJOCTests */,
				E533171B1CFFD942004A2CB9 /* BJOCUITests */,
			);
		};
/* End PBXProject section */

/* Begin PBXResourcesBuildPhase section */
		E53316F61CFFD942004A2CB9 /* Resources */ = {
			isa = PBXResourcesBuildPhase;
			buildActionMask = 2147483647;
			files = (
				E533170B1CFFD942004A2CB9 /* LaunchScreen.storyboard in Resources */,
				A4EAF278257911820079BA49 /* BJuseXIBinit.xib in Resources */,
				E53317081CFFD942004A2CB9 /* Assets.xcassets in Resources */,
				E53317061CFFD942004A2CB9 /* Main.storyboard in Resources */,
			);
			runOnlyForDeploymentPostprocessing = 0;
		};
		E533170F1CFFD942004A2CB9 /* Resources */ = {
			isa = PBXResourcesBuildPhase;
			buildActionMask = 2147483647;
			files = (
			);
			runOnlyForDeploymentPostprocessing = 0;
		};
		E533171A1CFFD942004A2CB9 /* Resources */ = {
			isa = PBXResourcesBuildPhase;
			buildActionMask = 2147483647;
			files = (
			);
			runOnlyForDeploymentPostprocessing = 0;
		};
/* End PBXResourcesBuildPhase section */

/* Begin PBXSourcesBuildPhase section */
		E53316F41CFFD942004A2CB9 /* Sources */ = {
			isa = PBXSourcesBuildPhase;
			buildActionMask = 2147483647;
			files = (
				E53317031CFFD942004A2CB9 /* ViewController.m in Sources */,
				A4EAF271257911820079BA49 /* BJPerson.m in Sources */,
				A4E9FF95258100D000888263 /* Printer.m in Sources */,
				A4EAF29D257915400079BA49 /* UIFont+BJFont.m in Sources */,
				E56180F4237BF9CF00A316C8 /* BJSelfAndSuperViewController.m in Sources */,
				A4E9FF98258100D000888263 /* BlackPrinter.m in Sources */,
				A4EAF274257911820079BA49 /* BJDelegateViewController.m in Sources */,
				A4EAF279257911820079BA49 /* BJuseCODEinit.m in Sources */,
				A4E9FF96258100D000888263 /* Person.m in Sources */,
				E56180E9237BF79300A316C8 /* BJClassAndObjectViewController.m in Sources */,
				A4EAF27A257911820079BA49 /* BJInitViewTypeViewController.m in Sources */,
				A4EAF22E25790D210079BA49 /* BJRuntimeMethodSwizzlingViewController.m in Sources */,
				A4EAF275257911820079BA49 /* Animal.m in Sources */,
				A4EAF276257911820079BA49 /* BJDesignatedInitializerViewController.m in Sources */,
				A4EAF273257911820079BA49 /* BJDelegateView.m in Sources */,
				E56180E5237BF79300A316C8 /* BJRuntimeForwordViewController.m in Sources */,
				A4EAF277257911820079BA49 /* BJExtensionViewController.m in Sources */,
				A4EAF29B257915400079BA49 /* UIControl+BJRuntimeControl.m in Sources */,
				A4E9FF97258100D000888263 /* ColorPrinter.m in Sources */,
				A4EAF2B0257915C40079BA49 /* BJHook.m in Sources */,
				A4EAF282257911820079BA49 /* BJArrayType.m in Sources */,
				E53317001CFFD942004A2CB9 /* AppDelegate.m in Sources */,
				A4EAF27B257911820079BA49 /* BJuseXIBinit.m in Sources */,
				A478A38125E50D96005FCB06 /* BJObjectViewController.m in Sources */,
				A4EAF29E257915400079BA49 /* BJRuntimeFontViewController.m in Sources */,
				A4EAF286257911820079BA49 /* BJDictionaryType.m in Sources */,
				A4EAF27C257911820079BA49 /* BJExtensionViewController+BJCategory.m in Sources */,
				E56180EA237BF79300A316C8 /* BJObject.m in Sources */,
				A4EAF287257911820079BA49 /* BJStudent.m in Sources */,
				A4EAF272257911820079BA49 /* BJKVOViewController.m in Sources */,
				A4EAF285257911820079BA49 /* BJObjectOrNot.m in Sources */,
				A4EAF29C257915400079BA49 /* BJRuntimeButtonViewController.m in Sources */,
				A4E9FF94258100D000888263 /* BJPolymorphismViewController.m in Sources */,
				E53316FD1CFFD942004A2CB9 /* main.m in Sources */,
				A4EAF284257911820079BA49 /* BJPeople.m in Sources */,
				A4E9FF99258100D000888263 /* BJArithmeticViewController.m in Sources */,
				E56180E6237BF79300A316C8 /* BJRuntimeGrammarViewController.m in Sources */,
				A4EAF283257911820079BA49 /* BJKVCViewController.m in Sources */,
			);
			runOnlyForDeploymentPostprocessing = 0;
		};
		E533170D1CFFD942004A2CB9 /* Sources */ = {
			isa = PBXSourcesBuildPhase;
			buildActionMask = 2147483647;
			files = (
			);
			runOnlyForDeploymentPostprocessing = 0;
		};
		E53317181CFFD942004A2CB9 /* Sources */ = {
			isa = PBXSourcesBuildPhase;
			buildActionMask = 2147483647;
			files = (
			);
			runOnlyForDeploymentPostprocessing = 0;
		};
/* End PBXSourcesBuildPhase section */

/* Begin PBXTargetDependency section */
		E53317131CFFD942004A2CB9 /* PBXTargetDependency */ = {
			isa = PBXTargetDependency;
			target = E53316F71CFFD942004A2CB9 /* BJOC */;
			targetProxy = E53317121CFFD942004A2CB9 /* PBXContainerItemProxy */;
		};
		E533171E1CFFD942004A2CB9 /* PBXTargetDependency */ = {
			isa = PBXTargetDependency;
			target = E53316F71CFFD942004A2CB9 /* BJOC */;
			targetProxy = E533171D1CFFD942004A2CB9 /* PBXContainerItemProxy */;
		};
/* End PBXTargetDependency section */

/* Begin PBXVariantGroup section */
		E53317041CFFD942004A2CB9 /* Main.storyboard */ = {
			isa = PBXVariantGroup;
			children = (
				E53317051CFFD942004A2CB9 /* Base */,
			);
			name = Main.storyboard;
			sourceTree = "<group>";
		};
		E53317091CFFD942004A2CB9 /* LaunchScreen.storyboard */ = {
			isa = PBXVariantGroup;
			children = (
				E533170A1CFFD942004A2CB9 /* Base */,
			);
			name = LaunchScreen.storyboard;
			sourceTree = "<group>";
		};
/* End PBXVariantGroup section */

/* Begin XCBuildConfiguration section */
		E53317231CFFD942004A2CB9 /* Debug */ = {
			isa = XCBuildConfiguration;
			buildSettings = {
				ALWAYS_SEARCH_USER_PATHS = NO;
				CLANG_ANALYZER_NONNULL = YES;
				CLANG_CXX_LANGUAGE_STANDARD = "gnu++0x";
				CLANG_CXX_LIBRARY = "libc++";
				CLANG_ENABLE_MODULES = YES;
				CLANG_ENABLE_OBJC_ARC = YES;
				CLANG_WARN_BOOL_CONVERSION = YES;
				CLANG_WARN_CONSTANT_CONVERSION = YES;
				CLANG_WARN_DIRECT_OBJC_ISA_USAGE = YES_ERROR;
				CLANG_WARN_EMPTY_BODY = YES;
				CLANG_WARN_ENUM_CONVERSION = YES;
				CLANG_WARN_INT_CONVERSION = YES;
				CLANG_WARN_OBJC_ROOT_CLASS = YES_ERROR;
				CLANG_WARN_UNREACHABLE_CODE = YES;
				CLANG_WARN__DUPLICATE_METHOD_MATCH = YES;
				"CODE_SIGN_IDENTITY[sdk=iphoneos*]" = "iPhone Developer";
				COPY_PHASE_STRIP = NO;
				DEBUG_INFORMATION_FORMAT = dwarf;
				ENABLE_STRICT_OBJC_MSGSEND = YES;
				ENABLE_TESTABILITY = YES;
				GCC_C_LANGUAGE_STANDARD = gnu99;
				GCC_DYNAMIC_NO_PIC = NO;
				GCC_NO_COMMON_BLOCKS = YES;
				GCC_OPTIMIZATION_LEVEL = 0;
				GCC_PREPROCESSOR_DEFINITIONS = (
					"DEBUG=1",
					"$(inherited)",
				);
				GCC_WARN_64_TO_32_BIT_CONVERSION = YES;
				GCC_WARN_ABOUT_RETURN_TYPE = YES_ERROR;
				GCC_WARN_UNDECLARED_SELECTOR = YES;
				GCC_WARN_UNINITIALIZED_AUTOS = YES_AGGRESSIVE;
				GCC_WARN_UNUSED_FUNCTION = YES;
				GCC_WARN_UNUSED_VARIABLE = YES;
				IPHONEOS_DEPLOYMENT_TARGET = 9.3;
				MTL_ENABLE_DEBUG_INFO = YES;
				ONLY_ACTIVE_ARCH = YES;
				SDKROOT = iphoneos;
			};
			name = Debug;
		};
		E53317241CFFD942004A2CB9 /* Release */ = {
			isa = XCBuildConfiguration;
			buildSettings = {
				ALWAYS_SEARCH_USER_PATHS = NO;
				CLANG_ANALYZER_NONNULL = YES;
				CLANG_CXX_LANGUAGE_STANDARD = "gnu++0x";
				CLANG_CXX_LIBRARY = "libc++";
				CLANG_ENABLE_MODULES = YES;
				CLANG_ENABLE_OBJC_ARC = YES;
				CLANG_WARN_BOOL_CONVERSION = YES;
				CLANG_WARN_CONSTANT_CONVERSION = YES;
				CLANG_WARN_DIRECT_OBJC_ISA_USAGE = YES_ERROR;
				CLANG_WARN_EMPTY_BODY = YES;
				CLANG_WARN_ENUM_CONVERSION = YES;
				CLANG_WARN_INT_CONVERSION = YES;
				CLANG_WARN_OBJC_ROOT_CLASS = YES_ERROR;
				CLANG_WARN_UNREACHABLE_CODE = YES;
				CLANG_WARN__DUPLICATE_METHOD_MATCH = YES;
				"CODE_SIGN_IDENTITY[sdk=iphoneos*]" = "iPhone Developer";
				COPY_PHASE_STRIP = NO;
				DEBUG_INFORMATION_FORMAT = "dwarf-with-dsym";
				ENABLE_NS_ASSERTIONS = NO;
				ENABLE_STRICT_OBJC_MSGSEND = YES;
				GCC_C_LANGUAGE_STANDARD = gnu99;
				GCC_NO_COMMON_BLOCKS = YES;
				GCC_WARN_64_TO_32_BIT_CONVERSION = YES;
				GCC_WARN_ABOUT_RETURN_TYPE = YES_ERROR;
				GCC_WARN_UNDECLARED_SELECTOR = YES;
				GCC_WARN_UNINITIALIZED_AUTOS = YES_AGGRESSIVE;
				GCC_WARN_UNUSED_FUNCTION = YES;
				GCC_WARN_UNUSED_VARIABLE = YES;
				IPHONEOS_DEPLOYMENT_TARGET = 9.3;
				MTL_ENABLE_DEBUG_INFO = NO;
				SDKROOT = iphoneos;
				VALIDATE_PRODUCT = YES;
			};
			name = Release;
		};
		E53317261CFFD942004A2CB9 /* Debug */ = {
			isa = XCBuildConfiguration;
			buildSettings = {
				ASSETCATALOG_COMPILER_APPICON_NAME = AppIcon;
				CODE_SIGN_IDENTITY = "";
				"CODE_SIGN_IDENTITY[sdk=iphoneos*]" = "iPhone Developer";
				DEVELOPMENT_TEAM = F79H2LLK8B;
				FRAMEWORK_SEARCH_PATHS = "$(inherited)";
				INFOPLIST_FILE = BJOC/Info.plist;
				IPHONEOS_DEPLOYMENT_TARGET = 8.0;
				LD_RUNPATH_SEARCH_PATHS = "$(inherited) @executable_path/Frameworks";
				LIBRARY_SEARCH_PATHS = "$(inherited)";
				OTHER_LDFLAGS = "-ObjC";
				PRODUCT_BUNDLE_IDENTIFIER = cn.text.TempDemo;
				PRODUCT_NAME = "$(TARGET_NAME)";
			};
			name = Debug;
		};
		E53317271CFFD942004A2CB9 /* Release */ = {
			isa = XCBuildConfiguration;
			buildSettings = {
				ASSETCATALOG_COMPILER_APPICON_NAME = AppIcon;
				CODE_SIGN_IDENTITY = "";
				"CODE_SIGN_IDENTITY[sdk=iphoneos*]" = "iPhone Developer";
				DEVELOPMENT_TEAM = F79H2LLK8B;
				FRAMEWORK_SEARCH_PATHS = "$(inherited)";
				INFOPLIST_FILE = BJOC/Info.plist;
				IPHONEOS_DEPLOYMENT_TARGET = 8.0;
				LD_RUNPATH_SEARCH_PATHS = "$(inherited) @executable_path/Frameworks";
				LIBRARY_SEARCH_PATHS = "$(inherited)";
				OTHER_LDFLAGS = "-ObjC";
				PRODUCT_BUNDLE_IDENTIFIER = cn.text.TempDemo;
				PRODUCT_NAME = "$(TARGET_NAME)";
			};
			name = Release;
		};
		E53317291CFFD942004A2CB9 /* Debug */ = {
			isa = XCBuildConfiguration;
			buildSettings = {
				BUNDLE_LOADER = "$(TEST_HOST)";
				INFOPLIST_FILE = TempDemoTests/Info.plist;
				LD_RUNPATH_SEARCH_PATHS = "$(inherited) @executable_path/Frameworks @loader_path/Frameworks";
				PRODUCT_BUNDLE_IDENTIFIER = cn.text.TempDemoTests;
				PRODUCT_NAME = "$(TARGET_NAME)";
				TEST_HOST = "$(BUILT_PRODUCTS_DIR)/BJOC.app/BJOC";
			};
			name = Debug;
		};
		E533172A1CFFD942004A2CB9 /* Release */ = {
			isa = XCBuildConfiguration;
			buildSettings = {
				BUNDLE_LOADER = "$(TEST_HOST)";
				INFOPLIST_FILE = TempDemoTests/Info.plist;
				LD_RUNPATH_SEARCH_PATHS = "$(inherited) @executable_path/Frameworks @loader_path/Frameworks";
				PRODUCT_BUNDLE_IDENTIFIER = cn.text.TempDemoTests;
				PRODUCT_NAME = "$(TARGET_NAME)";
				TEST_HOST = "$(BUILT_PRODUCTS_DIR)/BJOC.app/BJOC";
			};
			name = Release;
		};
		E533172C1CFFD942004A2CB9 /* Debug */ = {
			isa = XCBuildConfiguration;
			buildSettings = {
				INFOPLIST_FILE = TempDemoUITests/Info.plist;
				LD_RUNPATH_SEARCH_PATHS = "$(inherited) @executable_path/Frameworks @loader_path/Frameworks";
				PRODUCT_BUNDLE_IDENTIFIER = cn.text.TempDemoUITests;
				PRODUCT_NAME = "$(TARGET_NAME)";
				TEST_TARGET_NAME = TempDemo;
			};
			name = Debug;
		};
		E533172D1CFFD942004A2CB9 /* Release */ = {
			isa = XCBuildConfiguration;
			buildSettings = {
				INFOPLIST_FILE = TempDemoUITests/Info.plist;
				LD_RUNPATH_SEARCH_PATHS = "$(inherited) @executable_path/Frameworks @loader_path/Frameworks";
				PRODUCT_BUNDLE_IDENTIFIER = cn.text.TempDemoUITests;
				PRODUCT_NAME = "$(TARGET_NAME)";
				TEST_TARGET_NAME = TempDemo;
			};
			name = Release;
		};
/* End XCBuildConfiguration section */

/* Begin XCConfigurationList section */
		E53316F31CFFD942004A2CB9 /* Build configuration list for PBXProject "BJOC" */ = {
			isa = XCConfigurationList;
			buildConfigurations = (
				E53317231CFFD942004A2CB9 /* Debug */,
				E53317241CFFD942004A2CB9 /* Release */,
			);
			defaultConfigurationIsVisible = 0;
			defaultConfigurationName = Release;
		};
		E53317251CFFD942004A2CB9 /* Build configuration list for PBXNativeTarget "BJOC" */ = {
			isa = XCConfigurationList;
			buildConfigurations = (
				E53317261CFFD942004A2CB9 /* Debug */,
				E53317271CFFD942004A2CB9 /* Release */,
			);
			defaultConfigurationIsVisible = 0;
			defaultConfigurationName = Release;
		};
		E53317281CFFD942004A2CB9 /* Build configuration list for PBXNativeTarget "BJOCTests" */ = {
			isa = XCConfigurationList;
			buildConfigurations = (
				E53317291CFFD942004A2CB9 /* Debug */,
				E533172A1CFFD942004A2CB9 /* Release */,
			);
			defaultConfigurationIsVisible = 0;
			defaultConfigurationName = Release;
		};
		E533172B1CFFD942004A2CB9 /* Build configuration list for PBXNativeTarget "BJOCUITests" */ = {
			isa = XCConfigurationList;
			buildConfigurations = (
				E533172C1CFFD942004A2CB9 /* Debug */,
				E533172D1CFFD942004A2CB9 /* Release */,
			);
			defaultConfigurationIsVisible = 0;
			defaultConfigurationName = Release;
		};
/* End XCConfigurationList section */
	};
	rootObject = E53316F01CFFD942004A2CB9 /* Project object */;
}
